// !$*UTF8*$!
{
	archiveVersion = 1;
	classes = {
	};
	objectVersion = 48;
	objects = {

/* Begin PBXBuildFile section */
		0DC2E6902078B416009F9A84 /* CustomHeaderView.swift in Sources */ = {isa = PBXBuildFile; fileRef = 0DC2E68F2078B416009F9A84 /* CustomHeaderView.swift */; };
		0DEF000920789A3300BADE2B /* MainViewController.swift in Sources */ = {isa = PBXBuildFile; fileRef = 0DEF000820789A3300BADE2B /* MainViewController.swift */; };
		0DEF000C20789B8000BADE2B /* ImageService.swift in Sources */ = {isa = PBXBuildFile; fileRef = 0DEF000B20789B8000BADE2B /* ImageService.swift */; };
		0DEF000F20789BA600BADE2B /* DataResponse.swift in Sources */ = {isa = PBXBuildFile; fileRef = 0DEF000E20789BA600BADE2B /* DataResponse.swift */; };
		0DEF001120789BF900BADE2B /* Card.swift in Sources */ = {isa = PBXBuildFile; fileRef = 0DEF001020789BF900BADE2B /* Card.swift */; };
		0DEF001520789D3000BADE2B /* data.json in Resources */ = {isa = PBXBuildFile; fileRef = 0DEF001420789D3000BADE2B /* data.json */; };
		0DEF00172078A04F00BADE2B /* ImageCell.swift in Sources */ = {isa = PBXBuildFile; fileRef = 0DEF00162078A04F00BADE2B /* ImageCell.swift */; };
		0DEF001A2078A76400BADE2B /* CardCell.swift in Sources */ = {isa = PBXBuildFile; fileRef = 0DEF00182078A76400BADE2B /* CardCell.swift */; };
		0DEF001B2078A76400BADE2B /* CardCell.xib in Resources */ = {isa = PBXBuildFile; fileRef = 0DEF00192078A76400BADE2B /* CardCell.xib */; };
		0DEFFFF12078900D00BADE2B /* AppDelegate.swift in Sources */ = {isa = PBXBuildFile; fileRef = 0DEFFFF02078900D00BADE2B /* AppDelegate.swift */; };
		0DEFFFF62078900D00BADE2B /* Main.storyboard in Resources */ = {isa = PBXBuildFile; fileRef = 0DEFFFF42078900D00BADE2B /* Main.storyboard */; };
		0DEFFFF82078900D00BADE2B /* Assets.xcassets in Resources */ = {isa = PBXBuildFile; fileRef = 0DEFFFF72078900D00BADE2B /* Assets.xcassets */; };
		0DEFFFFB2078900D00BADE2B /* LaunchScreen.storyboard in Resources */ = {isa = PBXBuildFile; fileRef = 0DEFFFF92078900D00BADE2B /* LaunchScreen.storyboard */; };
/* End PBXBuildFile section */

/* Begin PBXFileReference section */
		0DC2E68F2078B416009F9A84 /* CustomHeaderView.swift */ = {isa = PBXFileReference; lastKnownFileType = sourcecode.swift; path = CustomHeaderView.swift; sourceTree = "<group>"; };
		0DEF000820789A3300BADE2B /* MainViewController.swift */ = {isa = PBXFileReference; lastKnownFileType = sourcecode.swift; path = MainViewController.swift; sourceTree = "<group>"; };
		0DEF000B20789B8000BADE2B /* ImageService.swift */ = {isa = PBXFileReference; lastKnownFileType = sourcecode.swift; path = ImageService.swift; sourceTree = "<group>"; };
		0DEF000E20789BA600BADE2B /* DataResponse.swift */ = {isa = PBXFileReference; lastKnownFileType = sourcecode.swift; path = DataResponse.swift; sourceTree = "<group>"; };
		0DEF001020789BF900BADE2B /* Card.swift */ = {isa = PBXFileReference; lastKnownFileType = sourcecode.swift; path = Card.swift; sourceTree = "<group>"; };
		0DEF001420789D3000BADE2B /* data.json */ = {isa = PBXFileReference; lastKnownFileType = text.json; path = data.json; sourceTree = "<group>"; };
		0DEF00162078A04F00BADE2B /* ImageCell.swift */ = {isa = PBXFileReference; lastKnownFileType = sourcecode.swift; path = ImageCell.swift; sourceTree = "<group>"; };
		0DEF00182078A76400BADE2B /* CardCell.swift */ = {isa = PBXFileReference; lastKnownFileType = sourcecode.swift; path = CardCell.swift; sourceTree = "<group>"; };
		0DEF00192078A76400BADE2B /* CardCell.xib */ = {isa = PBXFileReference; lastKnownFileType = file.xib; path = CardCell.xib; sourceTree = "<group>"; };
		0DEFFFED2078900D00BADE2B /* CollectionView1.app */ = {isa = PBXFileReference; explicitFileType = wrapper.application; includeInIndex = 0; path = CollectionView1.app; sourceTree = BUILT_PRODUCTS_DIR; };
		0DEFFFF02078900D00BADE2B /* AppDelegate.swift */ = {isa = PBXFileReference; lastKnownFileType = sourcecode.swift; path = AppDelegate.swift; sourceTree = "<group>"; };
		0DEFFFF52078900D00BADE2B /* Base */ = {isa = PBXFileReference; lastKnownFileType = file.storyboard; name = Base; path = Base.lproj/Main.storyboard; sourceTree = "<group>"; };
		0DEFFFF72078900D00BADE2B /* Assets.xcassets */ = {isa = PBXFileReference; lastKnownFileType = folder.assetcatalog; path = Assets.xcassets; sourceTree = "<group>"; };
		0DEFFFFA2078900D00BADE2B /* Base */ = {isa = PBXFileReference; lastKnownFileType = file.storyboard; name = Base; path = Base.lproj/LaunchScreen.storyboard; sourceTree = "<group>"; };
		0DEFFFFC2078900D00BADE2B /* Info.plist */ = {isa = PBXFileReference; lastKnownFileType = text.plist.xml; path = Info.plist; sourceTree = "<group>"; };
/* End PBXFileReference section */

/* Begin PBXFrameworksBuildPhase section */
		0DEFFFEA2078900D00BADE2B /* Frameworks */ = {
			isa = PBXFrameworksBuildPhase;
			buildActionMask = 2147483647;
			files = (
			);
			runOnlyForDeploymentPostprocessing = 0;
		};
/* End PBXFrameworksBuildPhase section */

/* Begin PBXGroup section */
		0DEF0002207899F000BADE2B /* App Delegate */ = {
			isa = PBXGroup;
			children = (
				0DEFFFF02078900D00BADE2B /* AppDelegate.swift */,
			);
			path = "App Delegate";
			sourceTree = "<group>";
		};
		0DEF0003207899F600BADE2B /* Model */ = {
			isa = PBXGroup;
			children = (
				0DEF001020789BF900BADE2B /* Card.swift */,
			);
			path = Model;
			sourceTree = "<group>";
		};
		0DEF0004207899FA00BADE2B /* View Controller */ = {
			isa = PBXGroup;
			children = (
				0DEF000820789A3300BADE2B /* MainViewController.swift */,
			);
			path = "View Controller";
			sourceTree = "<group>";
		};
		0DEF000520789A0100BADE2B /* View */ = {
			isa = PBXGroup;
			children = (
				0DEF00162078A04F00BADE2B /* ImageCell.swift */,
				0DEF00182078A76400BADE2B /* CardCell.swift */,
				0DEF00192078A76400BADE2B /* CardCell.xib */,
				0DC2E68F2078B416009F9A84 /* CustomHeaderView.swift */,
			);
			path = View;
			sourceTree = "<group>";
		};
		0DEF000620789A0A00BADE2B /* Resource */ = {
			isa = PBXGroup;
			children = (
				0DEFFFF42078900D00BADE2B /* Main.storyboard */,
				0DEFFFF72078900D00BADE2B /* Assets.xcassets */,
				0DEFFFF92078900D00BADE2B /* LaunchScreen.storyboard */,
			);
			path = Resource;
			sourceTree = "<group>";
		};
		0DEF000720789A1000BADE2B /* Source */ = {
			isa = PBXGroup;
			children = (
				0DEF0002207899F000BADE2B /* App Delegate */,
				0DEF000D20789B9A00BADE2B /* Utility */,
				0DEF000A20789AEB00BADE2B /* Service */,
				0DEF000520789A0100BADE2B /* View */,
				0DEF0004207899FA00BADE2B /* View Controller */,
				0DEF0003207899F600BADE2B /* Model */,
			);
			path = Source;
			sourceTree = "<group>";
		};
		0DEF000A20789AEB00BADE2B /* Service */ = {
			isa = PBXGroup;
			children = (
				0DEF000B20789B8000BADE2B /* ImageService.swift */,
				0DEF001420789D3000BADE2B /* data.json */,
			);
			path = Service;
			sourceTree = "<group>";
		};
		0DEF000D20789B9A00BADE2B /* Utility */ = {
			isa = PBXGroup;
			children = (
				0DEF000E20789BA600BADE2B /* DataResponse.swift */,
			);
			path = Utility;
			sourceTree = "<group>";
		};
		0DEFFFE42078900D00BADE2B = {
			isa = PBXGroup;
			children = (
				0DEFFFEF2078900D00BADE2B /* CollectionView1 */,
				0DEFFFEE2078900D00BADE2B /* Products */,
			);
			sourceTree = "<group>";
		};
		0DEFFFEE2078900D00BADE2B /* Products */ = {
			isa = PBXGroup;
			children = (
				0DEFFFED2078900D00BADE2B /* CollectionView1.app */,
			);
			name = Products;
			sourceTree = "<group>";
		};
		0DEFFFEF2078900D00BADE2B /* CollectionView1 */ = {
			isa = PBXGroup;
			children = (
				0DEF000720789A1000BADE2B /* Source */,
				0DEF000620789A0A00BADE2B /* Resource */,
				0DEFFFFC2078900D00BADE2B /* Info.plist */,
			);
			path = CollectionView1;
			sourceTree = "<group>";
		};
/* End PBXGroup section */

/* Begin PBXNativeTarget section */
		0DEFFFEC2078900D00BADE2B /* CollectionView1 */ = {
			isa = PBXNativeTarget;
			buildConfigurationList = 0DEFFFFF2078900D00BADE2B /* Build configuration list for PBXNativeTarget "CollectionView1" */;
			buildPhases = (
				0DEFFFE92078900D00BADE2B /* Sources */,
				0DEFFFEA2078900D00BADE2B /* Frameworks */,
				0DEFFFEB2078900D00BADE2B /* Resources */,
			);
			buildRules = (
			);
			dependencies = (
			);
			name = CollectionView1;
			productName = CollectionView1;
			productReference = 0DEFFFED2078900D00BADE2B /* CollectionView1.app */;
			productType = "com.apple.product-type.application";
		};
/* End PBXNativeTarget section */

/* Begin PBXProject section */
		0DEFFFE52078900D00BADE2B /* Project object */ = {
			isa = PBXProject;
			attributes = {
				LastSwiftUpdateCheck = 0920;
				LastUpgradeCheck = 0920;
				ORGANIZATIONNAME = Dabu;
				TargetAttributes = {
					0DEFFFEC2078900D00BADE2B = {
						CreatedOnToolsVersion = 9.2;
						ProvisioningStyle = Automatic;
					};
				};
			};
			buildConfigurationList = 0DEFFFE82078900D00BADE2B /* Build configuration list for PBXProject "CollectionView1" */;
			compatibilityVersion = "Xcode 8.0";
			developmentRegion = en;
			hasScannedForEncodings = 0;
			knownRegions = (
				en,
				Base,
			);
			mainGroup = 0DEFFFE42078900D00BADE2B;
			productRefGroup = 0DEFFFEE2078900D00BADE2B /* Products */;
			projectDirPath = "";
			projectRoot = "";
			targets = (
				0DEFFFEC2078900D00BADE2B /* CollectionView1 */,
			);
		};
/* End PBXProject section */

/* Begin PBXResourcesBuildPhase section */
		0DEFFFEB2078900D00BADE2B /* Resources */ = {
			isa = PBXResourcesBuildPhase;
			buildActionMask = 2147483647;
			files = (
				0DEFFFFB2078900D00BADE2B /* LaunchScreen.storyboard in Resources */,
				0DEFFFF82078900D00BADE2B /* Assets.xcassets in Resources */,
				0DEF001B2078A76400BADE2B /* CardCell.xib in Resources */,
				0DEFFFF62078900D00BADE2B /* Main.storyboard in Resources */,
				0DEF001520789D3000BADE2B /* data.json in Resources */,
			);
			runOnlyForDeploymentPostprocessing = 0;
		};
/* End PBXResourcesBuildPhase section */

/* Begin PBXSourcesBuildPhase section */
		0DEFFFE92078900D00BADE2B /* Sources */ = {
			isa = PBXSourcesBuildPhase;
			buildActionMask = 2147483647;
			files = (
				0DC2E6902078B416009F9A84 /* CustomHeaderView.swift in Sources */,
				0DEF001A2078A76400BADE2B /* CardCell.swift in Sources */,
				0DEFFFF12078900D00BADE2B /* AppDelegate.swift in Sources */,
				0DEF000920789A3300BADE2B /* MainViewController.swift in Sources */,
				0DEF001120789BF900BADE2B /* Card.swift in Sources */,
				0DEF000F20789BA600BADE2B /* DataResponse.swift in Sources */,
				0DEF000C20789B8000BADE2B /* ImageService.swift in Sources */,
				0DEF00172078A04F00BADE2B /* ImageCell.swift in Sources */,
			);
			runOnlyForDeploymentPostprocessing = 0;
		};
/* End PBXSourcesBuildPhase section */

/* Begin PBXVariantGroup section */
		0DEFFFF42078900D00BADE2B /* Main.storyboard */ = {
			isa = PBXVariantGroup;
			children = (
				0DEFFFF52078900D00BADE2B /* Base */,
			);
			name = Main.storyboard;
			sourceTree = "<group>";
		};
		0DEFFFF92078900D00BADE2B /* LaunchScreen.storyboard */ = {
			isa = PBXVariantGroup;
			children = (
				0DEFFFFA2078900D00BADE2B /* Base */,
			);
			name = LaunchScreen.storyboard;
			sourceTree = "<group>";
		};
/* End PBXVariantGroup section */

/* Begin XCBuildConfiguration section */
		0DEF00002078900D00BADE2B /* Debug */ = {
			isa = XCBuildConfiguration;
			buildSettings = {
				ASSETCATALOG_COMPILER_APPICON_NAME = AppIcon;
				"CODE_SIGN_IDENTITY[sdk=iphoneos*]" = "iPhone Developer";
				CODE_SIGN_STYLE = Automatic;
				DEVELOPMENT_TEAM = G4MM77V7NH;
				INFOPLIST_FILE = CollectionView1/Info.plist;
				LD_RUNPATH_SEARCH_PATHS = "$(inherited) @executable_path/Frameworks";
				PRODUCT_BUNDLE_IDENTIFIER = com.dabu.Section;
				PRODUCT_NAME = "$(TARGET_NAME)";
				PROVISIONING_PROFILE_SPECIFIER = "";
				SWIFT_VERSION = 4.0;
				TARGETED_DEVICE_FAMILY = "1,2";
			};
			name = Debug;
		};
		0DEF00012078900D00BADE2B /* Release */ = {
			isa = XCBuildConfiguration;
			buildSettings = {
				ASSETCATALOG_COMPILER_APPICON_NAME = AppIcon;
				"CODE_SIGN_IDENTITY[sdk=iphoneos*]" = "iPhone Developer";
				CODE_SIGN_STYLE = Automatic;
				DEVELOPMENT_TEAM = G4MM77V7NH;
				INFOPLIST_FILE = CollectionView1/Info.plist;
				LD_RUNPATH_SEARCH_PATHS = "$(inherited) @executable_path/Frameworks";
				PRODUCT_BUNDLE_IDENTIFIER = com.dabu.Section;
				PRODUCT_NAME = "$(TARGET_NAME)";
				PROVISIONING_PROFILE_SPECIFIER = "";
				SWIFT_VERSION = 4.0;
				TARGETED_DEVICE_FAMILY = "1,2";
			};
			name = Release;
		};
		0DEFFFFD2078900D00BADE2B /* Debug */ = {
			isa = XCBuildConfiguration;
			buildSettings = {
				ALWAYS_SEARCH_USER_PATHS = NO;
				CLANG_ANALYZER_NONNULL = YES;
				CLANG_ANALYZER_NUMBER_OBJECT_CONVERSION = YES_AGGRESSIVE;
				CLANG_CXX_LANGUAGE_STANDARD = "gnu++14";
				CLANG_CXX_LIBRARY = "libc++";
				CLANG_ENABLE_MODULES = YES;
				CLANG_ENABLE_OBJC_ARC = YES;
				CLANG_WARN_BLOCK_CAPTURE_AUTORELEASING = YES;
				CLANG_WARN_BOOL_CONVERSION = YES;
				CLANG_WARN_COMMA = YES;
				CLANG_WARN_CONSTANT_CONVERSION = YES;
				CLANG_WARN_DIRECT_OBJC_ISA_USAGE = YES_ERROR;
				CLANG_WARN_DOCUMENTATION_COMMENTS = YES;
				CLANG_WARN_EMPTY_BODY = YES;
				CLANG_WARN_ENUM_CONVERSION = YES;
				CLANG_WARN_INFINITE_RECURSION = YES;
				CLANG_WARN_INT_CONVERSION = YES;
				CLANG_WARN_NON_LITERAL_NULL_CONVERSION = YES;
				CLANG_WARN_OBJC_LITERAL_CONVERSION = YES;
				CLANG_WARN_OBJC_ROOT_CLASS = YES_ERROR;
				CLANG_WARN_RANGE_LOOP_ANALYSIS = YES;
				CLANG_WARN_STRICT_PROTOTYPES = YES;
				CLANG_WARN_SUSPICIOUS_MOVE = YES;
				CLANG_WARN_UNGUARDED_AVAILABILITY = YES_AGGRESSIVE;
				CLANG_WARN_UNREACHABLE_CODE = YES;
				CLANG_WARN__DUPLICATE_METHOD_MATCH = YES;
				CODE_SIGN_IDENTITY = "iPhone Developer";
				COPY_PHASE_STRIP = NO;
				DEBUG_INFORMATION_FORMAT = dwarf;
				ENABLE_STRICT_OBJC_MSGSEND = YES;
				ENABLE_TESTABILITY = YES;
				GCC_C_LANGUAGE_STANDARD = gnu11;
				GCC_DYNAMIC_NO_PIC = NO;
				GCC_NO_COMMON_BLOCKS = YES;
				GCC_OPTIMIZATION_LEVEL = 0;
				GCC_PREPROCESSOR_DEFINITIONS = (
					"DEBUG=1",
					"$(inherited)",
				);
				GCC_WARN_64_TO_32_BIT_CONVERSION = YES;
				GCC_WARN_ABOUT_RETURN_TYPE = YES_ERROR;
				GCC_WARN_UNDECLARED_SELECTOR = YES;
				GCC_WARN_UNINITIALIZED_AUTOS = YES_AGGRESSIVE;
				GCC_WARN_UNUSED_FUNCTION = YES;
				GCC_WARN_UNUSED_VARIABLE = YES;
				IPHONEOS_DEPLOYMENT_TARGET = 11.2;
				MTL_ENABLE_DEBUG_INFO = YES;
				ONLY_ACTIVE_ARCH = YES;
				SDKROOT = iphoneos;
				SWIFT_ACTIVE_COMPILATION_CONDITIONS = DEBUG;
				SWIFT_OPTIMIZATION_LEVEL = "-Onone";
			};
			name = Debug;
		};
		0DEFFFFE2078900D00BADE2B /* Release */ = {
			isa = XCBuildConfiguration;
			buildSettings = {
				ALWAYS_SEARCH_USER_PATHS = NO;
				CLANG_ANALYZER_NONNULL = YES;
				CLANG_ANALYZER_NUMBER_OBJECT_CONVERSION = YES_AGGRESSIVE;
				CLANG_CXX_LANGUAGE_STANDARD = "gnu++14";
				CLANG_CXX_LIBRARY = "libc++";
				CLANG_ENABLE_MODULES = YES;
				CLANG_ENABLE_OBJC_ARC = YES;
				CLANG_WARN_BLOCK_CAPTURE_AUTORELEASING = YES;
				CLANG_WARN_BOOL_CONVERSION = YES;
				CLANG_WARN_COMMA = YES;
				CLANG_WARN_CONSTANT_CONVERSION = YES;
				CLANG_WARN_DIRECT_OBJC_ISA_USAGE = YES_ERROR;
				CLANG_WARN_DOCUMENTATION_COMMENTS = YES;
				CLANG_WARN_EMPTY_BODY = YES;
				CLANG_WARN_ENUM_CONVERSION = YES;
				CLANG_WARN_INFINITE_RECURSION = YES;
				CLANG_WARN_INT_CONVERSION = YES;
				CLANG_WARN_NON_LITERAL_NULL_CONVERSION = YES;
				CLANG_WARN_OBJC_LITERAL_CONVERSION = YES;
				CLANG_WARN_OBJC_ROOT_CLASS = YES_ERROR;
				CLANG_WARN_RANGE_LOOP_ANALYSIS = YES;
				CLANG_WARN_STRICT_PROTOTYPES = YES;
				CLANG_WARN_SUSPICIOUS_MOVE = YES;
				CLANG_WARN_UNGUARDED_AVAILABILITY = YES_AGGRESSIVE;
				CLANG_WARN_UNREACHABLE_CODE = YES;
				CLANG_WARN__DUPLICATE_METHOD_MATCH = YES;
				CODE_SIGN_IDENTITY = "iPhone Developer";
				COPY_PHASE_STRIP = NO;
				DEBUG_INFORMATION_FORMAT = "dwarf-with-dsym";
				ENABLE_NS_ASSERTIONS = NO;
				ENABLE_STRICT_OBJC_MSGSEND = YES;
				GCC_C_LANGUAGE_STANDARD = gnu11;
				GCC_NO_COMMON_BLOCKS = YES;
				GCC_WARN_64_TO_32_BIT_CONVERSION = YES;
				GCC_WARN_ABOUT_RETURN_TYPE = YES_ERROR;
				GCC_WARN_UNDECLARED_SELECTOR = YES;
				GCC_WARN_UNINITIALIZED_AUTOS = YES_AGGRESSIVE;
				GCC_WARN_UNUSED_FUNCTION = YES;
				GCC_WARN_UNUSED_VARIABLE = YES;
				IPHONEOS_DEPLOYMENT_TARGET = 11.2;
				MTL_ENABLE_DEBUG_INFO = NO;
				SDKROOT = iphoneos;
				SWIFT_OPTIMIZATION_LEVEL = "-Owholemodule";
				VALIDATE_PRODUCT = YES;
			};
			name = Release;
		};
/* End XCBuildConfiguration section */

/* Begin XCConfigurationList section */
		0DEFFFE82078900D00BADE2B /* Build configuration list for PBXProject "CollectionView1" */ = {
			isa = XCConfigurationList;
			buildConfigurations = (
				0DEFFFFD2078900D00BADE2B /* Debug */,
				0DEFFFFE2078900D00BADE2B /* Release */,
			);
			defaultConfigurationIsVisible = 0;
			defaultConfigurationName = Release;
		};
		0DEFFFFF2078900D00BADE2B /* Build configuration list for PBXNativeTarget "CollectionView1" */ = {
			isa = XCConfigurationList;
			buildConfigurations = (
				0DEF00002078900D00BADE2B /* Debug */,
				0DEF00012078900D00BADE2B /* Release */,
			);
			defaultConfigurationIsVisible = 0;
			defaultConfigurationName = Release;
		};
/* End XCConfigurationList section */
	};
	rootObject = 0DEFFFE52078900D00BADE2B /* Project object */;
}
